
Microsoft Visual Studio Solution File, Format Version 12.00
# Visual Studio Version 16
VisualStudioVersion = 16.0.29728.190
MinimumVisualStudioVersion = 10.0.40219.1
Project("{8BC9CEB8-8B4A-11D0-8D11-00A0C91BC942}") = "BO_Dynamic", "BO_Dynamic\BO_Dynamic.vcxproj", "{DF78536A-C6BA-434F-9557-E07F7E8BBEB8}"
	ProjectSection(ProjectDependencies) = postProject
		{AAE7BC36-DB96-4056-AB76-8551A91FFB76} = {AAE7BC36-DB96-4056-AB76-8551A91FFB76}
	EndProjectSection
EndProject
Project("{8BC9CEB8-8B4A-11D0-8D11-00A0C91BC942}") = "Integer_Size", "Integer_Size\Integer_Size.vcxproj", "{1446F83E-ED60-4C8B-9B51-E79AA8F0AE7A}"
EndProject
Project("{8BC9CEB8-8B4A-11D0-8D11-00A0C91BC942}") = "Integer_Compare", "Integer_Compare\Integer_Compare.vcxproj", "{98E0A074-7ADD-4EFC-A350-3E75AF36DF3D}"
EndProject
Project("{8BC9CEB8-8B4A-11D0-8D11-00A0C91BC942}") = "Integer_AddSub", "Integer_AddSub\Integer_AddSub.vcxproj", "{43F81E2A-3ED7-413D-86DB-146E0A46AA64}"
EndProject
Project("{8BC9CEB8-8B4A-11D0-8D11-00A0C91BC942}") = "UDP_Server_0", "UDP_Server_0\UDP_Server_0.vcxproj", "{98E66545-BD9C-4DF9-A943-88B295D440D4}"
	ProjectSection(ProjectDependencies) = postProject
		{AAE7BC36-DB96-4056-AB76-8551A91FFB76} = {AAE7BC36-DB96-4056-AB76-8551A91FFB76}
	EndProjectSection
EndProject
Project("{8BC9CEB8-8B4A-11D0-8D11-00A0C91BC942}") = "UDP_Hacker_0", "UDP_Hacker_0\UDP_Hacker_0.vcxproj", "{840100CE-4699-4249-A507-418A86287043}"
	ProjectSection(ProjectDependencies) = postProject
		{AAE7BC36-DB96-4056-AB76-8551A91FFB76} = {AAE7BC36-DB96-4056-AB76-8551A91FFB76}
	EndProjectSection
EndProject
Project("{8BC9CEB8-8B4A-11D0-8D11-00A0C91BC942}") = "DynamicMemory", "DynamicMemory\DynamicMemory.vcxproj", "{D9F507AA-1295-4F20-AE68-6BE0961C5C0D}"
	ProjectSection(ProjectDependencies) = postProject
		{AAE7BC36-DB96-4056-AB76-8551A91FFB76} = {AAE7BC36-DB96-4056-AB76-8551A91FFB76}
	EndProjectSection
EndProject
Project("{8BC9CEB8-8B4A-11D0-8D11-00A0C91BC942}") = "BO_Local", "BO_Local\BO_Local.vcxproj", "{2236A50C-7AF1-4AB2-93C5-1AF051E5169E}"
	ProjectSection(ProjectDependencies) = postProject
		{AAE7BC36-DB96-4056-AB76-8551A91FFB76} = {AAE7BC36-DB96-4056-AB76-8551A91FFB76}
	EndProjectSection
EndProject
Project("{8BC9CEB8-8B4A-11D0-8D11-00A0C91BC942}") = "BO_Global", "BO_Global\BO_Global.vcxproj", "{705D055D-FEAD-431E-9655-B4EC47DCCB27}"
	ProjectSection(ProjectDependencies) = postProject
		{AAE7BC36-DB96-4056-AB76-8551A91FFB76} = {AAE7BC36-DB96-4056-AB76-8551A91FFB76}
	EndProjectSection
EndProject
Project("{8BC9CEB8-8B4A-11D0-8D11-00A0C91BC942}") = "String", "String\String.vcxproj", "{1E30A982-5917-41BB-8834-38D8506DCF0F}"
EndProject
Project("{8BC9CEB8-8B4A-11D0-8D11-00A0C91BC942}") = "String_0", "String_0\String_0.vcxproj", "{28F928B1-594E-4880-B381-2A8993D8950C}"
EndProject
Project("{8BC9CEB8-8B4A-11D0-8D11-00A0C91BC942}") = "Format_0", "Format_0\Format_0.vcxproj", "{9602DB58-AB6C-4C4F-BAE3-4EF2DFEDFAA3}"
	ProjectSection(ProjectDependencies) = postProject
		{AAE7BC36-DB96-4056-AB76-8551A91FFB76} = {AAE7BC36-DB96-4056-AB76-8551A91FFB76}
	EndProjectSection
EndProject
Project("{8BC9CEB8-8B4A-11D0-8D11-00A0C91BC942}") = "Scan_0", "Scan_0\Scan_0.vcxproj", "{E75DC4EE-74C7-42DE-9363-B97903F68AE0}"
EndProject
Project("{8BC9CEB8-8B4A-11D0-8D11-00A0C91BC942}") = "Scan_0_a", "Scan_0_a\Scan_0_a.vcxproj", "{CB85E952-DBB1-417E-B0E2-11A67DC516E9}"
EndProject
Project("{8BC9CEB8-8B4A-11D0-8D11-00A0C91BC942}") = "String_Safe", "String_Safe\String_Safe.vcxproj", "{8218D77D-F31C-43F2-A4F1-3DDE70E48799}"
EndProject
Project("{8BC9CEB8-8B4A-11D0-8D11-00A0C91BC942}") = "String_0_Safe", "String_0_Safe\String_0_Safe.vcxproj", "{1607A50E-29C6-458F-A923-594CDA5093A1}"
EndProject
Project("{8BC9CEB8-8B4A-11D0-8D11-00A0C91BC942}") = "Format_0_Safe", "Format_0_Safe\Format_0_Safe.vcxproj", "{835DC4CC-375D-43FB-959D-36BB011D1D4A}"
	ProjectSection(ProjectDependencies) = postProject
		{AAE7BC36-DB96-4056-AB76-8551A91FFB76} = {AAE7BC36-DB96-4056-AB76-8551A91FFB76}
	EndProjectSection
EndProject
Project("{8BC9CEB8-8B4A-11D0-8D11-00A0C91BC942}") = "Scan_0_Safe", "Scan_0_Safe\Scan_0_Safe.vcxproj", "{65416575-E9F8-4B0A-B866-81B77E72C86B}"
EndProject
Project("{8BC9CEB8-8B4A-11D0-8D11-00A0C91BC942}") = "Scan_0_a_Safe", "Scan_0_a_Safe\Scan_0_a_Safe.vcxproj", "{340EF60F-46FD-4FC3-8D21-1AB11F4BE43C}"
EndProject
Project("{8BC9CEB8-8B4A-11D0-8D11-00A0C91BC942}") = "String_STL", "String_STL\String_STL.vcxproj", "{46B40B28-21E9-4F15-B80D-0FFCC57DDF88}"
EndProject
Project("{8BC9CEB8-8B4A-11D0-8D11-00A0C91BC942}") = "ClientList_0", "ClientList_0\ClientList_0.vcxproj", "{26F5D0E1-7694-476A-9326-AF368CCDDE28}"
EndProject
Project("{8BC9CEB8-8B4A-11D0-8D11-00A0C91BC942}") = "ClientList_1", "ClientList_1\ClientList_1.vcxproj", "{57540D4B-83E8-4202-B9C7-94DB8B7E5B36}"
EndProject
Project("{8BC9CEB8-8B4A-11D0-8D11-00A0C91BC942}") = "ClientList_2", "ClientList_2\ClientList_2.vcxproj", "{B7BAB9DB-439C-4139-A8E5-B49C02C329B5}"
EndProject
Project("{8BC9CEB8-8B4A-11D0-8D11-00A0C91BC942}") = "ClientList_0_a", "ClientList_0_a\ClientList_0_a.vcxproj", "{0CA72CF5-383F-4DBD-AFE0-490242D6DC45}"
EndProject
Project("{8BC9CEB8-8B4A-11D0-8D11-00A0C91BC942}") = "ClientList_1_a", "ClientList_1_a\ClientList_1_a.vcxproj", "{22A01EEA-7DA1-4260-B5D6-EFFB613C7586}"
EndProject
Project("{8BC9CEB8-8B4A-11D0-8D11-00A0C91BC942}") = "ClientList_2_a", "ClientList_2_a\ClientList_2_a.vcxproj", "{CD3771CD-DA69-47DC-ABA1-D7BC39880ED2}"
EndProject
Project("{8BC9CEB8-8B4A-11D0-8D11-00A0C91BC942}") = "SymLink_a", "SymLink_a\SymLink_a.vcxproj", "{06C8F2F1-976E-4D22-A084-A430B4791E88}"
EndProject
Project("{8BC9CEB8-8B4A-11D0-8D11-00A0C91BC942}") = "TCP_Server_0", "TCP_Server_0\TCP_Server_0.vcxproj", "{F0B04A3F-5EB1-4D9F-9FE4-6EBEC48584EB}"
	ProjectSection(ProjectDependencies) = postProject
		{AAE7BC36-DB96-4056-AB76-8551A91FFB76} = {AAE7BC36-DB96-4056-AB76-8551A91FFB76}
	EndProjectSection
EndProject
Project("{8BC9CEB8-8B4A-11D0-8D11-00A0C91BC942}") = "TCP_Server_0_a", "TCP_Server_0_a\TCP_Server_0_a.vcxproj", "{55812305-A1C3-4709-A975-69C8DD9ED1ED}"
EndProject
Project("{8BC9CEB8-8B4A-11D0-8D11-00A0C91BC942}") = "TCP_Server_0_b", "TCP_Server_0_b\TCP_Server_0_b.vcxproj", "{D255F9D9-18F4-4F79-B5A2-25246E7F6102}"
EndProject
Project("{8BC9CEB8-8B4A-11D0-8D11-00A0C91BC942}") = "TCP_Server_0_c", "TCP_Server_0_c\TCP_Server_0_c.vcxproj", "{ED9D38F5-397F-4030-AFAB-42CFB81C862D}"
EndProject
Project("{8BC9CEB8-8B4A-11D0-8D11-00A0C91BC942}") = "UDP_Server_0_a", "UDP_Server_0_a\UDP_Server_0_a.vcxproj", "{5BB7615E-4980-4677-AFCD-DBB5FC82CFA9}"
	ProjectSection(ProjectDependencies) = postProject
		{AAE7BC36-DB96-4056-AB76-8551A91FFB76} = {AAE7BC36-DB96-4056-AB76-8551A91FFB76}
	EndProjectSection
EndProject
Project("{8BC9CEB8-8B4A-11D0-8D11-00A0C91BC942}") = "UDP_Server_0_b", "UDP_Server_0_b\UDP_Server_0_b.vcxproj", "{5929E1FA-8F2B-4323-A29F-E599C8FA700A}"
EndProject
Project("{8BC9CEB8-8B4A-11D0-8D11-00A0C91BC942}") = "Integer_Div_se", "Integer_Div_se\Integer_Div_se.vcxproj", "{D5255DC1-EB80-4A0E-88DF-750F6D7CA60B}"
EndProject
Project("{8BC9CEB8-8B4A-11D0-8D11-00A0C91BC942}") = "BO_Dynamic_se", "BO_Dynamic_se\BO_Dynamic_se.vcxproj", "{B212FA8A-FF7B-40C7-90D4-F9E75EA9EC6A}"
EndProject
Project("{8BC9CEB8-8B4A-11D0-8D11-00A0C91BC942}") = "BO_Local_se", "BO_Local_se\BO_Local_se.vcxproj", "{FC1980E3-F642-4239-A032-DF2D28C6E34B}"
EndProject
Project("{8BC9CEB8-8B4A-11D0-8D11-00A0C91BC942}") = "BO_Global_se", "BO_Global_se\BO_Global_se.vcxproj", "{B27A75C4-5A58-42A6-B5FD-93B21AE09B57}"
EndProject
Project("{8BC9CEB8-8B4A-11D0-8D11-00A0C91BC942}") = "Exception_se", "Exception_se\Exception_se.vcxproj", "{21C4CEAA-0872-4EE6-A0AC-F243021CB26E}"
EndProject
Project("{8BC9CEB8-8B4A-11D0-8D11-00A0C91BC942}") = "Signal", "Signal\Signal.vcxproj", "{9F8F5933-B965-44F8-AE2A-8C7DCCBFE45A}"
	ProjectSection(ProjectDependencies) = postProject
		{AAE7BC36-DB96-4056-AB76-8551A91FFB76} = {AAE7BC36-DB96-4056-AB76-8551A91FFB76}
	EndProjectSection
EndProject
Project("{8BC9CEB8-8B4A-11D0-8D11-00A0C91BC942}") = "Random_0", "Random_0\Random_0.vcxproj", "{FF7C1B2C-FEE6-42DA-864A-B0314E0AE9FB}"
EndProject
Project("{8BC9CEB8-8B4A-11D0-8D11-00A0C91BC942}") = "Random_0_a", "Random_0_a\Random_0_a.vcxproj", "{139345EF-58F9-469D-A673-8F3AA9533AB2}"
EndProject
Project("{8BC9CEB8-8B4A-11D0-8D11-00A0C91BC942}") = "BaseLib", "BaseLib\BaseLib.vcxproj", "{AAE7BC36-DB96-4056-AB76-8551A91FFB76}"
EndProject
Project("{2150E333-8FDC-42A3-9474-1A3956D46DE8}") = "Common", "Common", "{65891C98-947C-4D8B-9EAD-032A129912A4}"
	ProjectSection(SolutionItems) = preProject
		Common\Dump.h = Common\Dump.h
		Common\Protocol.h = Common\Protocol.h
		Common\Socket.h = Common\Socket.h
		Common\Verify.h = Common\Verify.h
	EndProjectSection
EndProject
Project("{2150E333-8FDC-42A3-9474-1A3956D46DE8}") = "Solution Items", "Solution Items", "{62212D55-7208-4EE4-BDB9-D1F8462AF78D}"
	ProjectSection(SolutionItems) = preProject
		.gitignore = .gitignore
		README.md = README.md
	EndProjectSection
EndProject
Project("{8BC9CEB8-8B4A-11D0-8D11-00A0C91BC942}") = "TCP_Hacker_0", "TCP_Hacker_0\TCP_Hacker_0.vcxproj", "{96353819-BBB7-4343-94B3-315343D108E5}"
	ProjectSection(ProjectDependencies) = postProject
		{AAE7BC36-DB96-4056-AB76-8551A91FFB76} = {AAE7BC36-DB96-4056-AB76-8551A91FFB76}
	EndProjectSection
EndProject
Global
	GlobalSection(SolutionConfigurationPlatforms) = preSolution
		Debug|x64 = Debug|x64
		Debug|x86 = Debug|x86
		Release|x64 = Release|x64
		Release|x86 = Release|x86
	EndGlobalSection
	GlobalSection(ProjectConfigurationPlatforms) = postSolution
		{DF78536A-C6BA-434F-9557-E07F7E8BBEB8}.Debug|x64.ActiveCfg = Debug|x64
		{DF78536A-C6BA-434F-9557-E07F7E8BBEB8}.Debug|x64.Build.0 = Debug|x64
		{DF78536A-C6BA-434F-9557-E07F7E8BBEB8}.Debug|x86.ActiveCfg = Debug|Win32
		{DF78536A-C6BA-434F-9557-E07F7E8BBEB8}.Debug|x86.Build.0 = Debug|Win32
		{DF78536A-C6BA-434F-9557-E07F7E8BBEB8}.Release|x64.ActiveCfg = Release|x64
		{DF78536A-C6BA-434F-9557-E07F7E8BBEB8}.Release|x64.Build.0 = Release|x64
		{DF78536A-C6BA-434F-9557-E07F7E8BBEB8}.Release|x86.ActiveCfg = Release|Win32
		{DF78536A-C6BA-434F-9557-E07F7E8BBEB8}.Release|x86.Build.0 = Release|Win32
		{1446F83E-ED60-4C8B-9B51-E79AA8F0AE7A}.Debug|x64.ActiveCfg = Debug|x64
		{1446F83E-ED60-4C8B-9B51-E79AA8F0AE7A}.Debug|x64.Build.0 = Debug|x64
		{1446F83E-ED60-4C8B-9B51-E79AA8F0AE7A}.Debug|x86.ActiveCfg = Debug|Win32
		{1446F83E-ED60-4C8B-9B51-E79AA8F0AE7A}.Debug|x86.Build.0 = Debug|Win32
		{1446F83E-ED60-4C8B-9B51-E79AA8F0AE7A}.Release|x64.ActiveCfg = Release|x64
		{1446F83E-ED60-4C8B-9B51-E79AA8F0AE7A}.Release|x64.Build.0 = Release|x64
		{1446F83E-ED60-4C8B-9B51-E79AA8F0AE7A}.Release|x86.ActiveCfg = Release|Win32
		{1446F83E-ED60-4C8B-9B51-E79AA8F0AE7A}.Release|x86.Build.0 = Release|Win32
		{98E0A074-7ADD-4EFC-A350-3E75AF36DF3D}.Debug|x64.ActiveCfg = Debug|x64
		{98E0A074-7ADD-4EFC-A350-3E75AF36DF3D}.Debug|x64.Build.0 = Debug|x64
		{98E0A074-7ADD-4EFC-A350-3E75AF36DF3D}.Debug|x86.ActiveCfg = Debug|Win32
		{98E0A074-7ADD-4EFC-A350-3E75AF36DF3D}.Debug|x86.Build.0 = Debug|Win32
		{98E0A074-7ADD-4EFC-A350-3E75AF36DF3D}.Release|x64.ActiveCfg = Release|x64
		{98E0A074-7ADD-4EFC-A350-3E75AF36DF3D}.Release|x64.Build.0 = Release|x64
		{98E0A074-7ADD-4EFC-A350-3E75AF36DF3D}.Release|x86.ActiveCfg = Release|Win32
		{98E0A074-7ADD-4EFC-A350-3E75AF36DF3D}.Release|x86.Build.0 = Release|Win32
		{43F81E2A-3ED7-413D-86DB-146E0A46AA64}.Debug|x64.ActiveCfg = Debug|x64
		{43F81E2A-3ED7-413D-86DB-146E0A46AA64}.Debug|x64.Build.0 = Debug|x64
		{43F81E2A-3ED7-413D-86DB-146E0A46AA64}.Debug|x86.ActiveCfg = Debug|Win32
		{43F81E2A-3ED7-413D-86DB-146E0A46AA64}.Debug|x86.Build.0 = Debug|Win32
		{43F81E2A-3ED7-413D-86DB-146E0A46AA64}.Release|x64.ActiveCfg = Release|x64
		{43F81E2A-3ED7-413D-86DB-146E0A46AA64}.Release|x64.Build.0 = Release|x64
		{43F81E2A-3ED7-413D-86DB-146E0A46AA64}.Release|x86.ActiveCfg = Release|Win32
		{43F81E2A-3ED7-413D-86DB-146E0A46AA64}.Release|x86.Build.0 = Release|Win32
		{98E66545-BD9C-4DF9-A943-88B295D440D4}.Debug|x64.ActiveCfg = Debug|x64
		{98E66545-BD9C-4DF9-A943-88B295D440D4}.Debug|x64.Build.0 = Debug|x64
		{98E66545-BD9C-4DF9-A943-88B295D440D4}.Debug|x86.ActiveCfg = Debug|Win32
		{98E66545-BD9C-4DF9-A943-88B295D440D4}.Debug|x86.Build.0 = Debug|Win32
		{98E66545-BD9C-4DF9-A943-88B295D440D4}.Release|x64.ActiveCfg = Release|x64
		{98E66545-BD9C-4DF9-A943-88B295D440D4}.Release|x64.Build.0 = Release|x64
		{98E66545-BD9C-4DF9-A943-88B295D440D4}.Release|x86.ActiveCfg = Release|Win32
		{98E66545-BD9C-4DF9-A943-88B295D440D4}.Release|x86.Build.0 = Release|Win32
		{840100CE-4699-4249-A507-418A86287043}.Debug|x64.ActiveCfg = Debug|x64
		{840100CE-4699-4249-A507-418A86287043}.Debug|x64.Build.0 = Debug|x64
		{840100CE-4699-4249-A507-418A86287043}.Debug|x86.ActiveCfg = Debug|Win32
		{840100CE-4699-4249-A507-418A86287043}.Debug|x86.Build.0 = Debug|Win32
		{840100CE-4699-4249-A507-418A86287043}.Release|x64.ActiveCfg = Release|x64
		{840100CE-4699-4249-A507-418A86287043}.Release|x64.Build.0 = Release|x64
		{840100CE-4699-4249-A507-418A86287043}.Release|x86.ActiveCfg = Release|Win32
		{840100CE-4699-4249-A507-418A86287043}.Release|x86.Build.0 = Release|Win32
		{D9F507AA-1295-4F20-AE68-6BE0961C5C0D}.Debug|x64.ActiveCfg = Debug|x64
		{D9F507AA-1295-4F20-AE68-6BE0961C5C0D}.Debug|x64.Build.0 = Debug|x64
		{D9F507AA-1295-4F20-AE68-6BE0961C5C0D}.Debug|x86.ActiveCfg = Debug|Win32
		{D9F507AA-1295-4F20-AE68-6BE0961C5C0D}.Debug|x86.Build.0 = Debug|Win32
		{D9F507AA-1295-4F20-AE68-6BE0961C5C0D}.Release|x64.ActiveCfg = Release|x64
		{D9F507AA-1295-4F20-AE68-6BE0961C5C0D}.Release|x64.Build.0 = Release|x64
		{D9F507AA-1295-4F20-AE68-6BE0961C5C0D}.Release|x86.ActiveCfg = Release|Win32
		{D9F507AA-1295-4F20-AE68-6BE0961C5C0D}.Release|x86.Build.0 = Release|Win32
		{2236A50C-7AF1-4AB2-93C5-1AF051E5169E}.Debug|x64.ActiveCfg = Debug|x64
		{2236A50C-7AF1-4AB2-93C5-1AF051E5169E}.Debug|x64.Build.0 = Debug|x64
		{2236A50C-7AF1-4AB2-93C5-1AF051E5169E}.Debug|x86.ActiveCfg = Debug|Win32
		{2236A50C-7AF1-4AB2-93C5-1AF051E5169E}.Debug|x86.Build.0 = Debug|Win32
		{2236A50C-7AF1-4AB2-93C5-1AF051E5169E}.Release|x64.ActiveCfg = Release|x64
		{2236A50C-7AF1-4AB2-93C5-1AF051E5169E}.Release|x64.Build.0 = Release|x64
		{2236A50C-7AF1-4AB2-93C5-1AF051E5169E}.Release|x86.ActiveCfg = Release|Win32
		{2236A50C-7AF1-4AB2-93C5-1AF051E5169E}.Release|x86.Build.0 = Release|Win32
		{705D055D-FEAD-431E-9655-B4EC47DCCB27}.Debug|x64.ActiveCfg = Debug|x64
		{705D055D-FEAD-431E-9655-B4EC47DCCB27}.Debug|x64.Build.0 = Debug|x64
		{705D055D-FEAD-431E-9655-B4EC47DCCB27}.Debug|x86.ActiveCfg = Debug|Win32
		{705D055D-FEAD-431E-9655-B4EC47DCCB27}.Debug|x86.Build.0 = Debug|Win32
		{705D055D-FEAD-431E-9655-B4EC47DCCB27}.Release|x64.ActiveCfg = Release|x64
		{705D055D-FEAD-431E-9655-B4EC47DCCB27}.Release|x64.Build.0 = Release|x64
		{705D055D-FEAD-431E-9655-B4EC47DCCB27}.Release|x86.ActiveCfg = Release|Win32
		{705D055D-FEAD-431E-9655-B4EC47DCCB27}.Release|x86.Build.0 = Release|Win32
		{1E30A982-5917-41BB-8834-38D8506DCF0F}.Debug|x64.ActiveCfg = Debug|x64
		{1E30A982-5917-41BB-8834-38D8506DCF0F}.Debug|x64.Build.0 = Debug|x64
		{1E30A982-5917-41BB-8834-38D8506DCF0F}.Debug|x86.ActiveCfg = Debug|Win32
		{1E30A982-5917-41BB-8834-38D8506DCF0F}.Debug|x86.Build.0 = Debug|Win32
		{1E30A982-5917-41BB-8834-38D8506DCF0F}.Release|x64.ActiveCfg = Release|x64
		{1E30A982-5917-41BB-8834-38D8506DCF0F}.Release|x64.Build.0 = Release|x64
		{1E30A982-5917-41BB-8834-38D8506DCF0F}.Release|x86.ActiveCfg = Release|Win32
		{1E30A982-5917-41BB-8834-38D8506DCF0F}.Release|x86.Build.0 = Release|Win32
		{28F928B1-594E-4880-B381-2A8993D8950C}.Debug|x64.ActiveCfg = Debug|x64
		{28F928B1-594E-4880-B381-2A8993D8950C}.Debug|x64.Build.0 = Debug|x64
		{28F928B1-594E-4880-B381-2A8993D8950C}.Debug|x86.ActiveCfg = Debug|Win32
		{28F928B1-594E-4880-B381-2A8993D8950C}.Debug|x86.Build.0 = Debug|Win32
		{28F928B1-594E-4880-B381-2A8993D8950C}.Release|x64.ActiveCfg = Release|x64
		{28F928B1-594E-4880-B381-2A8993D8950C}.Release|x64.Build.0 = Release|x64
		{28F928B1-594E-4880-B381-2A8993D8950C}.Release|x86.ActiveCfg = Release|Win32
		{28F928B1-594E-4880-B381-2A8993D8950C}.Release|x86.Build.0 = Release|Win32
		{9602DB58-AB6C-4C4F-BAE3-4EF2DFEDFAA3}.Debug|x64.ActiveCfg = Debug|x64
		{9602DB58-AB6C-4C4F-BAE3-4EF2DFEDFAA3}.Debug|x64.Build.0 = Debug|x64
		{9602DB58-AB6C-4C4F-BAE3-4EF2DFEDFAA3}.Debug|x86.ActiveCfg = Debug|Win32
		{9602DB58-AB6C-4C4F-BAE3-4EF2DFEDFAA3}.Debug|x86.Build.0 = Debug|Win32
		{9602DB58-AB6C-4C4F-BAE3-4EF2DFEDFAA3}.Release|x64.ActiveCfg = Release|x64
		{9602DB58-AB6C-4C4F-BAE3-4EF2DFEDFAA3}.Release|x64.Build.0 = Release|x64
		{9602DB58-AB6C-4C4F-BAE3-4EF2DFEDFAA3}.Release|x86.ActiveCfg = Release|Win32
		{9602DB58-AB6C-4C4F-BAE3-4EF2DFEDFAA3}.Release|x86.Build.0 = Release|Win32
		{E75DC4EE-74C7-42DE-9363-B97903F68AE0}.Debug|x64.ActiveCfg = Debug|x64
		{E75DC4EE-74C7-42DE-9363-B97903F68AE0}.Debug|x64.Build.0 = Debug|x64
		{E75DC4EE-74C7-42DE-9363-B97903F68AE0}.Debug|x86.ActiveCfg = Debug|Win32
		{E75DC4EE-74C7-42DE-9363-B97903F68AE0}.Debug|x86.Build.0 = Debug|Win32
		{E75DC4EE-74C7-42DE-9363-B97903F68AE0}.Release|x64.ActiveCfg = Release|x64
		{E75DC4EE-74C7-42DE-9363-B97903F68AE0}.Release|x64.Build.0 = Release|x64
		{E75DC4EE-74C7-42DE-9363-B97903F68AE0}.Release|x86.ActiveCfg = Release|Win32
		{E75DC4EE-74C7-42DE-9363-B97903F68AE0}.Release|x86.Build.0 = Release|Win32
		{CB85E952-DBB1-417E-B0E2-11A67DC516E9}.Debug|x64.ActiveCfg = Debug|x64
		{CB85E952-DBB1-417E-B0E2-11A67DC516E9}.Debug|x64.Build.0 = Debug|x64
		{CB85E952-DBB1-417E-B0E2-11A67DC516E9}.Debug|x86.ActiveCfg = Debug|Win32
		{CB85E952-DBB1-417E-B0E2-11A67DC516E9}.Debug|x86.Build.0 = Debug|Win32
		{CB85E952-DBB1-417E-B0E2-11A67DC516E9}.Release|x64.ActiveCfg = Release|x64
		{CB85E952-DBB1-417E-B0E2-11A67DC516E9}.Release|x64.Build.0 = Release|x64
		{CB85E952-DBB1-417E-B0E2-11A67DC516E9}.Release|x86.ActiveCfg = Release|Win32
		{CB85E952-DBB1-417E-B0E2-11A67DC516E9}.Release|x86.Build.0 = Release|Win32
		{8218D77D-F31C-43F2-A4F1-3DDE70E48799}.Debug|x64.ActiveCfg = Debug|x64
		{8218D77D-F31C-43F2-A4F1-3DDE70E48799}.Debug|x64.Build.0 = Debug|x64
		{8218D77D-F31C-43F2-A4F1-3DDE70E48799}.Debug|x86.ActiveCfg = Debug|Win32
		{8218D77D-F31C-43F2-A4F1-3DDE70E48799}.Debug|x86.Build.0 = Debug|Win32
		{8218D77D-F31C-43F2-A4F1-3DDE70E48799}.Release|x64.ActiveCfg = Release|x64
		{8218D77D-F31C-43F2-A4F1-3DDE70E48799}.Release|x64.Build.0 = Release|x64
		{8218D77D-F31C-43F2-A4F1-3DDE70E48799}.Release|x86.ActiveCfg = Release|Win32
		{8218D77D-F31C-43F2-A4F1-3DDE70E48799}.Release|x86.Build.0 = Release|Win32
		{1607A50E-29C6-458F-A923-594CDA5093A1}.Debug|x64.ActiveCfg = Debug|x64
		{1607A50E-29C6-458F-A923-594CDA5093A1}.Debug|x64.Build.0 = Debug|x64
		{1607A50E-29C6-458F-A923-594CDA5093A1}.Debug|x86.ActiveCfg = Debug|Win32
		{1607A50E-29C6-458F-A923-594CDA5093A1}.Debug|x86.Build.0 = Debug|Win32
		{1607A50E-29C6-458F-A923-594CDA5093A1}.Release|x64.ActiveCfg = Release|x64
		{1607A50E-29C6-458F-A923-594CDA5093A1}.Release|x64.Build.0 = Release|x64
		{1607A50E-29C6-458F-A923-594CDA5093A1}.Release|x86.ActiveCfg = Release|Win32
		{1607A50E-29C6-458F-A923-594CDA5093A1}.Release|x86.Build.0 = Release|Win32
		{835DC4CC-375D-43FB-959D-36BB011D1D4A}.Debug|x64.ActiveCfg = Debug|x64
		{835DC4CC-375D-43FB-959D-36BB011D1D4A}.Debug|x64.Build.0 = Debug|x64
		{835DC4CC-375D-43FB-959D-36BB011D1D4A}.Debug|x86.ActiveCfg = Debug|Win32
		{835DC4CC-375D-43FB-959D-36BB011D1D4A}.Debug|x86.Build.0 = Debug|Win32
		{835DC4CC-375D-43FB-959D-36BB011D1D4A}.Release|x64.ActiveCfg = Release|x64
		{835DC4CC-375D-43FB-959D-36BB011D1D4A}.Release|x64.Build.0 = Release|x64
		{835DC4CC-375D-43FB-959D-36BB011D1D4A}.Release|x86.ActiveCfg = Release|Win32
		{835DC4CC-375D-43FB-959D-36BB011D1D4A}.Release|x86.Build.0 = Release|Win32
		{65416575-E9F8-4B0A-B866-81B77E72C86B}.Debug|x64.ActiveCfg = Debug|x64
		{65416575-E9F8-4B0A-B866-81B77E72C86B}.Debug|x64.Build.0 = Debug|x64
		{65416575-E9F8-4B0A-B866-81B77E72C86B}.Debug|x86.ActiveCfg = Debug|Win32
		{65416575-E9F8-4B0A-B866-81B77E72C86B}.Debug|x86.Build.0 = Debug|Win32
		{65416575-E9F8-4B0A-B866-81B77E72C86B}.Release|x64.ActiveCfg = Release|x64
		{65416575-E9F8-4B0A-B866-81B77E72C86B}.Release|x64.Build.0 = Release|x64
		{65416575-E9F8-4B0A-B866-81B77E72C86B}.Release|x86.ActiveCfg = Release|Win32
		{65416575-E9F8-4B0A-B866-81B77E72C86B}.Release|x86.Build.0 = Release|Win32
		{340EF60F-46FD-4FC3-8D21-1AB11F4BE43C}.Debug|x64.ActiveCfg = Debug|x64
		{340EF60F-46FD-4FC3-8D21-1AB11F4BE43C}.Debug|x64.Build.0 = Debug|x64
		{340EF60F-46FD-4FC3-8D21-1AB11F4BE43C}.Debug|x86.ActiveCfg = Debug|Win32
		{340EF60F-46FD-4FC3-8D21-1AB11F4BE43C}.Debug|x86.Build.0 = Debug|Win32
		{340EF60F-46FD-4FC3-8D21-1AB11F4BE43C}.Release|x64.ActiveCfg = Release|x64
		{340EF60F-46FD-4FC3-8D21-1AB11F4BE43C}.Release|x64.Build.0 = Release|x64
		{340EF60F-46FD-4FC3-8D21-1AB11F4BE43C}.Release|x86.ActiveCfg = Release|Win32
		{340EF60F-46FD-4FC3-8D21-1AB11F4BE43C}.Release|x86.Build.0 = Release|Win32
		{46B40B28-21E9-4F15-B80D-0FFCC57DDF88}.Debug|x64.ActiveCfg = Debug|x64
		{46B40B28-21E9-4F15-B80D-0FFCC57DDF88}.Debug|x64.Build.0 = Debug|x64
		{46B40B28-21E9-4F15-B80D-0FFCC57DDF88}.Debug|x86.ActiveCfg = Debug|Win32
		{46B40B28-21E9-4F15-B80D-0FFCC57DDF88}.Debug|x86.Build.0 = Debug|Win32
		{46B40B28-21E9-4F15-B80D-0FFCC57DDF88}.Release|x64.ActiveCfg = Release|x64
		{46B40B28-21E9-4F15-B80D-0FFCC57DDF88}.Release|x64.Build.0 = Release|x64
		{46B40B28-21E9-4F15-B80D-0FFCC57DDF88}.Release|x86.ActiveCfg = Release|Win32
		{46B40B28-21E9-4F15-B80D-0FFCC57DDF88}.Release|x86.Build.0 = Release|Win32
		{26F5D0E1-7694-476A-9326-AF368CCDDE28}.Debug|x64.ActiveCfg = Debug|x64
		{26F5D0E1-7694-476A-9326-AF368CCDDE28}.Debug|x64.Build.0 = Debug|x64
		{26F5D0E1-7694-476A-9326-AF368CCDDE28}.Debug|x86.ActiveCfg = Debug|Win32
		{26F5D0E1-7694-476A-9326-AF368CCDDE28}.Debug|x86.Build.0 = Debug|Win32
		{26F5D0E1-7694-476A-9326-AF368CCDDE28}.Release|x64.ActiveCfg = Release|x64
		{26F5D0E1-7694-476A-9326-AF368CCDDE28}.Release|x64.Build.0 = Release|x64
		{26F5D0E1-7694-476A-9326-AF368CCDDE28}.Release|x86.ActiveCfg = Release|Win32
		{26F5D0E1-7694-476A-9326-AF368CCDDE28}.Release|x86.Build.0 = Release|Win32
		{57540D4B-83E8-4202-B9C7-94DB8B7E5B36}.Debug|x64.ActiveCfg = Debug|x64
		{57540D4B-83E8-4202-B9C7-94DB8B7E5B36}.Debug|x64.Build.0 = Debug|x64
		{57540D4B-83E8-4202-B9C7-94DB8B7E5B36}.Debug|x86.ActiveCfg = Debug|Win32
		{57540D4B-83E8-4202-B9C7-94DB8B7E5B36}.Debug|x86.Build.0 = Debug|Win32
		{57540D4B-83E8-4202-B9C7-94DB8B7E5B36}.Release|x64.ActiveCfg = Release|x64
		{57540D4B-83E8-4202-B9C7-94DB8B7E5B36}.Release|x64.Build.0 = Release|x64
		{57540D4B-83E8-4202-B9C7-94DB8B7E5B36}.Release|x86.ActiveCfg = Release|Win32
		{57540D4B-83E8-4202-B9C7-94DB8B7E5B36}.Release|x86.Build.0 = Release|Win32
		{B7BAB9DB-439C-4139-A8E5-B49C02C329B5}.Debug|x64.ActiveCfg = Debug|x64
		{B7BAB9DB-439C-4139-A8E5-B49C02C329B5}.Debug|x64.Build.0 = Debug|x64
		{B7BAB9DB-439C-4139-A8E5-B49C02C329B5}.Debug|x86.ActiveCfg = Debug|Win32
		{B7BAB9DB-439C-4139-A8E5-B49C02C329B5}.Debug|x86.Build.0 = Debug|Win32
		{B7BAB9DB-439C-4139-A8E5-B49C02C329B5}.Release|x64.ActiveCfg = Release|x64
		{B7BAB9DB-439C-4139-A8E5-B49C02C329B5}.Release|x64.Build.0 = Release|x64
		{B7BAB9DB-439C-4139-A8E5-B49C02C329B5}.Release|x86.ActiveCfg = Release|Win32
		{B7BAB9DB-439C-4139-A8E5-B49C02C329B5}.Release|x86.Build.0 = Release|Win32
		{0CA72CF5-383F-4DBD-AFE0-490242D6DC45}.Debug|x64.ActiveCfg = Debug|x64
		{0CA72CF5-383F-4DBD-AFE0-490242D6DC45}.Debug|x64.Build.0 = Debug|x64
		{0CA72CF5-383F-4DBD-AFE0-490242D6DC45}.Debug|x86.ActiveCfg = Debug|Win32
		{0CA72CF5-383F-4DBD-AFE0-490242D6DC45}.Debug|x86.Build.0 = Debug|Win32
		{0CA72CF5-383F-4DBD-AFE0-490242D6DC45}.Release|x64.ActiveCfg = Release|x64
		{0CA72CF5-383F-4DBD-AFE0-490242D6DC45}.Release|x64.Build.0 = Release|x64
		{0CA72CF5-383F-4DBD-AFE0-490242D6DC45}.Release|x86.ActiveCfg = Release|Win32
		{0CA72CF5-383F-4DBD-AFE0-490242D6DC45}.Release|x86.Build.0 = Release|Win32
		{22A01EEA-7DA1-4260-B5D6-EFFB613C7586}.Debug|x64.ActiveCfg = Debug|x64
		{22A01EEA-7DA1-4260-B5D6-EFFB613C7586}.Debug|x64.Build.0 = Debug|x64
		{22A01EEA-7DA1-4260-B5D6-EFFB613C7586}.Debug|x86.ActiveCfg = Debug|Win32
		{22A01EEA-7DA1-4260-B5D6-EFFB613C7586}.Debug|x86.Build.0 = Debug|Win32
		{22A01EEA-7DA1-4260-B5D6-EFFB613C7586}.Release|x64.ActiveCfg = Release|x64
		{22A01EEA-7DA1-4260-B5D6-EFFB613C7586}.Release|x64.Build.0 = Release|x64
		{22A01EEA-7DA1-4260-B5D6-EFFB613C7586}.Release|x86.ActiveCfg = Release|Win32
		{22A01EEA-7DA1-4260-B5D6-EFFB613C7586}.Release|x86.Build.0 = Release|Win32
		{CD3771CD-DA69-47DC-ABA1-D7BC39880ED2}.Debug|x64.ActiveCfg = Debug|x64
		{CD3771CD-DA69-47DC-ABA1-D7BC39880ED2}.Debug|x64.Build.0 = Debug|x64
		{CD3771CD-DA69-47DC-ABA1-D7BC39880ED2}.Debug|x86.ActiveCfg = Debug|Win32
		{CD3771CD-DA69-47DC-ABA1-D7BC39880ED2}.Debug|x86.Build.0 = Debug|Win32
		{CD3771CD-DA69-47DC-ABA1-D7BC39880ED2}.Release|x64.ActiveCfg = Release|x64
		{CD3771CD-DA69-47DC-ABA1-D7BC39880ED2}.Release|x64.Build.0 = Release|x64
		{CD3771CD-DA69-47DC-ABA1-D7BC39880ED2}.Release|x86.ActiveCfg = Release|Win32
		{CD3771CD-DA69-47DC-ABA1-D7BC39880ED2}.Release|x86.Build.0 = Release|Win32
		{06C8F2F1-976E-4D22-A084-A430B4791E88}.Debug|x64.ActiveCfg = Debug|x64
		{06C8F2F1-976E-4D22-A084-A430B4791E88}.Debug|x64.Build.0 = Debug|x64
		{06C8F2F1-976E-4D22-A084-A430B4791E88}.Debug|x86.ActiveCfg = Debug|Win32
		{06C8F2F1-976E-4D22-A084-A430B4791E88}.Debug|x86.Build.0 = Debug|Win32
		{06C8F2F1-976E-4D22-A084-A430B4791E88}.Release|x64.ActiveCfg = Release|x64
		{06C8F2F1-976E-4D22-A084-A430B4791E88}.Release|x64.Build.0 = Release|x64
		{06C8F2F1-976E-4D22-A084-A430B4791E88}.Release|x86.ActiveCfg = Release|Win32
		{06C8F2F1-976E-4D22-A084-A430B4791E88}.Release|x86.Build.0 = Release|Win32
		{F0B04A3F-5EB1-4D9F-9FE4-6EBEC48584EB}.Debug|x64.ActiveCfg = Debug|x64
		{F0B04A3F-5EB1-4D9F-9FE4-6EBEC48584EB}.Debug|x64.Build.0 = Debug|x64
		{F0B04A3F-5EB1-4D9F-9FE4-6EBEC48584EB}.Debug|x86.ActiveCfg = Debug|Win32
		{F0B04A3F-5EB1-4D9F-9FE4-6EBEC48584EB}.Debug|x86.Build.0 = Debug|Win32
		{F0B04A3F-5EB1-4D9F-9FE4-6EBEC48584EB}.Release|x64.ActiveCfg = Release|x64
		{F0B04A3F-5EB1-4D9F-9FE4-6EBEC48584EB}.Release|x64.Build.0 = Release|x64
		{F0B04A3F-5EB1-4D9F-9FE4-6EBEC48584EB}.Release|x86.ActiveCfg = Release|Win32
		{F0B04A3F-5EB1-4D9F-9FE4-6EBEC48584EB}.Release|x86.Build.0 = Release|Win32
		{55812305-A1C3-4709-A975-69C8DD9ED1ED}.Debug|x64.ActiveCfg = Debug|x64
		{55812305-A1C3-4709-A975-69C8DD9ED1ED}.Debug|x64.Build.0 = Debug|x64
		{55812305-A1C3-4709-A975-69C8DD9ED1ED}.Debug|x86.ActiveCfg = Debug|Win32
		{55812305-A1C3-4709-A975-69C8DD9ED1ED}.Debug|x86.Build.0 = Debug|Win32
		{55812305-A1C3-4709-A975-69C8DD9ED1ED}.Release|x64.ActiveCfg = Release|x64
		{55812305-A1C3-4709-A975-69C8DD9ED1ED}.Release|x64.Build.0 = Release|x64
		{55812305-A1C3-4709-A975-69C8DD9ED1ED}.Release|x86.ActiveCfg = Release|Win32
		{55812305-A1C3-4709-A975-69C8DD9ED1ED}.Release|x86.Build.0 = Release|Win32
		{D255F9D9-18F4-4F79-B5A2-25246E7F6102}.Debug|x64.ActiveCfg = Debug|x64
		{D255F9D9-18F4-4F79-B5A2-25246E7F6102}.Debug|x64.Build.0 = Debug|x64
		{D255F9D9-18F4-4F79-B5A2-25246E7F6102}.Debug|x86.ActiveCfg = Debug|Win32
		{D255F9D9-18F4-4F79-B5A2-25246E7F6102}.Debug|x86.Build.0 = Debug|Win32
		{D255F9D9-18F4-4F79-B5A2-25246E7F6102}.Release|x64.ActiveCfg = Release|x64
		{D255F9D9-18F4-4F79-B5A2-25246E7F6102}.Release|x64.Build.0 = Release|x64
		{D255F9D9-18F4-4F79-B5A2-25246E7F6102}.Release|x86.ActiveCfg = Release|Win32
		{D255F9D9-18F4-4F79-B5A2-25246E7F6102}.Release|x86.Build.0 = Release|Win32
		{ED9D38F5-397F-4030-AFAB-42CFB81C862D}.Debug|x64.ActiveCfg = Debug|x64
		{ED9D38F5-397F-4030-AFAB-42CFB81C862D}.Debug|x64.Build.0 = Debug|x64
		{ED9D38F5-397F-4030-AFAB-42CFB81C862D}.Debug|x86.ActiveCfg = Debug|Win32
		{ED9D38F5-397F-4030-AFAB-42CFB81C862D}.Debug|x86.Build.0 = Debug|Win32
		{ED9D38F5-397F-4030-AFAB-42CFB81C862D}.Release|x64.ActiveCfg = Release|x64
		{ED9D38F5-397F-4030-AFAB-42CFB81C862D}.Release|x64.Build.0 = Release|x64
		{ED9D38F5-397F-4030-AFAB-42CFB81C862D}.Release|x86.ActiveCfg = Release|Win32
		{ED9D38F5-397F-4030-AFAB-42CFB81C862D}.Release|x86.Build.0 = Release|Win32
		{5BB7615E-4980-4677-AFCD-DBB5FC82CFA9}.Debug|x64.ActiveCfg = Debug|x64
		{5BB7615E-4980-4677-AFCD-DBB5FC82CFA9}.Debug|x64.Build.0 = Debug|x64
		{5BB7615E-4980-4677-AFCD-DBB5FC82CFA9}.Debug|x86.ActiveCfg = Debug|Win32
		{5BB7615E-4980-4677-AFCD-DBB5FC82CFA9}.Debug|x86.Build.0 = Debug|Win32
		{5BB7615E-4980-4677-AFCD-DBB5FC82CFA9}.Release|x64.ActiveCfg = Release|x64
		{5BB7615E-4980-4677-AFCD-DBB5FC82CFA9}.Release|x64.Build.0 = Release|x64
		{5BB7615E-4980-4677-AFCD-DBB5FC82CFA9}.Release|x86.ActiveCfg = Release|Win32
		{5BB7615E-4980-4677-AFCD-DBB5FC82CFA9}.Release|x86.Build.0 = Release|Win32
		{5929E1FA-8F2B-4323-A29F-E599C8FA700A}.Debug|x64.ActiveCfg = Debug|x64
		{5929E1FA-8F2B-4323-A29F-E599C8FA700A}.Debug|x64.Build.0 = Debug|x64
		{5929E1FA-8F2B-4323-A29F-E599C8FA700A}.Debug|x86.ActiveCfg = Debug|Win32
		{5929E1FA-8F2B-4323-A29F-E599C8FA700A}.Debug|x86.Build.0 = Debug|Win32
		{5929E1FA-8F2B-4323-A29F-E599C8FA700A}.Release|x64.ActiveCfg = Release|x64
		{5929E1FA-8F2B-4323-A29F-E599C8FA700A}.Release|x64.Build.0 = Release|x64
		{5929E1FA-8F2B-4323-A29F-E599C8FA700A}.Release|x86.ActiveCfg = Release|Win32
		{5929E1FA-8F2B-4323-A29F-E599C8FA700A}.Release|x86.Build.0 = Release|Win32
		{D5255DC1-EB80-4A0E-88DF-750F6D7CA60B}.Debug|x64.ActiveCfg = Debug|x64
		{D5255DC1-EB80-4A0E-88DF-750F6D7CA60B}.Debug|x64.Build.0 = Debug|x64
		{D5255DC1-EB80-4A0E-88DF-750F6D7CA60B}.Debug|x86.ActiveCfg = Debug|Win32
		{D5255DC1-EB80-4A0E-88DF-750F6D7CA60B}.Debug|x86.Build.0 = Debug|Win32
		{D5255DC1-EB80-4A0E-88DF-750F6D7CA60B}.Release|x64.ActiveCfg = Release|x64
		{D5255DC1-EB80-4A0E-88DF-750F6D7CA60B}.Release|x64.Build.0 = Release|x64
		{D5255DC1-EB80-4A0E-88DF-750F6D7CA60B}.Release|x86.ActiveCfg = Release|Win32
		{D5255DC1-EB80-4A0E-88DF-750F6D7CA60B}.Release|x86.Build.0 = Release|Win32
		{B212FA8A-FF7B-40C7-90D4-F9E75EA9EC6A}.Debug|x64.ActiveCfg = Debug|x64
		{B212FA8A-FF7B-40C7-90D4-F9E75EA9EC6A}.Debug|x64.Build.0 = Debug|x64
		{B212FA8A-FF7B-40C7-90D4-F9E75EA9EC6A}.Debug|x86.ActiveCfg = Debug|Win32
		{B212FA8A-FF7B-40C7-90D4-F9E75EA9EC6A}.Debug|x86.Build.0 = Debug|Win32
		{B212FA8A-FF7B-40C7-90D4-F9E75EA9EC6A}.Release|x64.ActiveCfg = Release|x64
		{B212FA8A-FF7B-40C7-90D4-F9E75EA9EC6A}.Release|x64.Build.0 = Release|x64
		{B212FA8A-FF7B-40C7-90D4-F9E75EA9EC6A}.Release|x86.ActiveCfg = Release|Win32
		{B212FA8A-FF7B-40C7-90D4-F9E75EA9EC6A}.Release|x86.Build.0 = Release|Win32
		{FC1980E3-F642-4239-A032-DF2D28C6E34B}.Debug|x64.ActiveCfg = Debug|x64
		{FC1980E3-F642-4239-A032-DF2D28C6E34B}.Debug|x64.Build.0 = Debug|x64
		{FC1980E3-F642-4239-A032-DF2D28C6E34B}.Debug|x86.ActiveCfg = Debug|Win32
		{FC1980E3-F642-4239-A032-DF2D28C6E34B}.Debug|x86.Build.0 = Debug|Win32
		{FC1980E3-F642-4239-A032-DF2D28C6E34B}.Release|x64.ActiveCfg = Release|x64
		{FC1980E3-F642-4239-A032-DF2D28C6E34B}.Release|x64.Build.0 = Release|x64
		{FC1980E3-F642-4239-A032-DF2D28C6E34B}.Release|x86.ActiveCfg = Release|Win32
		{FC1980E3-F642-4239-A032-DF2D28C6E34B}.Release|x86.Build.0 = Release|Win32
		{B27A75C4-5A58-42A6-B5FD-93B21AE09B57}.Debug|x64.ActiveCfg = Debug|x64
		{B27A75C4-5A58-42A6-B5FD-93B21AE09B57}.Debug|x64.Build.0 = Debug|x64
		{B27A75C4-5A58-42A6-B5FD-93B21AE09B57}.Debug|x86.ActiveCfg = Debug|Win32
		{B27A75C4-5A58-42A6-B5FD-93B21AE09B57}.Debug|x86.Build.0 = Debug|Win32
		{B27A75C4-5A58-42A6-B5FD-93B21AE09B57}.Release|x64.ActiveCfg = Release|x64
		{B27A75C4-5A58-42A6-B5FD-93B21AE09B57}.Release|x64.Build.0 = Release|x64
		{B27A75C4-5A58-42A6-B5FD-93B21AE09B57}.Release|x86.ActiveCfg = Release|Win32
		{B27A75C4-5A58-42A6-B5FD-93B21AE09B57}.Release|x86.Build.0 = Release|Win32
		{21C4CEAA-0872-4EE6-A0AC-F243021CB26E}.Debug|x64.ActiveCfg = Debug|x64
		{21C4CEAA-0872-4EE6-A0AC-F243021CB26E}.Debug|x64.Build.0 = Debug|x64
		{21C4CEAA-0872-4EE6-A0AC-F243021CB26E}.Debug|x86.ActiveCfg = Debug|Win32
		{21C4CEAA-0872-4EE6-A0AC-F243021CB26E}.Debug|x86.Build.0 = Debug|Win32
		{21C4CEAA-0872-4EE6-A0AC-F243021CB26E}.Release|x64.ActiveCfg = Release|x64
		{21C4CEAA-0872-4EE6-A0AC-F243021CB26E}.Release|x64.Build.0 = Release|x64
		{21C4CEAA-0872-4EE6-A0AC-F243021CB26E}.Release|x86.ActiveCfg = Release|Win32
		{21C4CEAA-0872-4EE6-A0AC-F243021CB26E}.Release|x86.Build.0 = Release|Win32
		{9F8F5933-B965-44F8-AE2A-8C7DCCBFE45A}.Debug|x64.ActiveCfg = Debug|x64
		{9F8F5933-B965-44F8-AE2A-8C7DCCBFE45A}.Debug|x64.Build.0 = Debug|x64
		{9F8F5933-B965-44F8-AE2A-8C7DCCBFE45A}.Debug|x86.ActiveCfg = Debug|Win32
		{9F8F5933-B965-44F8-AE2A-8C7DCCBFE45A}.Debug|x86.Build.0 = Debug|Win32
		{9F8F5933-B965-44F8-AE2A-8C7DCCBFE45A}.Release|x64.ActiveCfg = Release|x64
		{9F8F5933-B965-44F8-AE2A-8C7DCCBFE45A}.Release|x64.Build.0 = Release|x64
		{9F8F5933-B965-44F8-AE2A-8C7DCCBFE45A}.Release|x86.ActiveCfg = Release|Win32
		{9F8F5933-B965-44F8-AE2A-8C7DCCBFE45A}.Release|x86.Build.0 = Release|Win32
		{FF7C1B2C-FEE6-42DA-864A-B0314E0AE9FB}.Debug|x64.ActiveCfg = Debug|x64
		{FF7C1B2C-FEE6-42DA-864A-B0314E0AE9FB}.Debug|x64.Build.0 = Debug|x64
		{FF7C1B2C-FEE6-42DA-864A-B0314E0AE9FB}.Debug|x86.ActiveCfg = Debug|Win32
		{FF7C1B2C-FEE6-42DA-864A-B0314E0AE9FB}.Debug|x86.Build.0 = Debug|Win32
		{FF7C1B2C-FEE6-42DA-864A-B0314E0AE9FB}.Release|x64.ActiveCfg = Release|x64
		{FF7C1B2C-FEE6-42DA-864A-B0314E0AE9FB}.Release|x64.Build.0 = Release|x64
		{FF7C1B2C-FEE6-42DA-864A-B0314E0AE9FB}.Release|x86.ActiveCfg = Release|Win32
		{FF7C1B2C-FEE6-42DA-864A-B0314E0AE9FB}.Release|x86.Build.0 = Release|Win32
		{139345EF-58F9-469D-A673-8F3AA9533AB2}.Debug|x64.ActiveCfg = Debug|x64
		{139345EF-58F9-469D-A673-8F3AA9533AB2}.Debug|x64.Build.0 = Debug|x64
		{139345EF-58F9-469D-A673-8F3AA9533AB2}.Debug|x86.ActiveCfg = Debug|Win32
		{139345EF-58F9-469D-A673-8F3AA9533AB2}.Debug|x86.Build.0 = Debug|Win32
		{139345EF-58F9-469D-A673-8F3AA9533AB2}.Release|x64.ActiveCfg = Release|x64
		{139345EF-58F9-469D-A673-8F3AA9533AB2}.Release|x64.Build.0 = Release|x64
		{139345EF-58F9-469D-A673-8F3AA9533AB2}.Release|x86.ActiveCfg = Release|Win32
		{139345EF-58F9-469D-A673-8F3AA9533AB2}.Release|x86.Build.0 = Release|Win32
		{AAE7BC36-DB96-4056-AB76-8551A91FFB76}.Debug|x64.ActiveCfg = Debug|x64
		{AAE7BC36-DB96-4056-AB76-8551A91FFB76}.Debug|x64.Build.0 = Debug|x64
		{AAE7BC36-DB96-4056-AB76-8551A91FFB76}.Debug|x86.ActiveCfg = Debug|Win32
		{AAE7BC36-DB96-4056-AB76-8551A91FFB76}.Debug|x86.Build.0 = Debug|Win32
		{AAE7BC36-DB96-4056-AB76-8551A91FFB76}.Release|x64.ActiveCfg = Release|x64
		{AAE7BC36-DB96-4056-AB76-8551A91FFB76}.Release|x64.Build.0 = Release|x64
		{AAE7BC36-DB96-4056-AB76-8551A91FFB76}.Release|x86.ActiveCfg = Release|Win32
		{AAE7BC36-DB96-4056-AB76-8551A91FFB76}.Release|x86.Build.0 = Release|Win32
		{96353819-BBB7-4343-94B3-315343D108E5}.Debug|x64.ActiveCfg = Debug|x64
		{96353819-BBB7-4343-94B3-315343D108E5}.Debug|x64.Build.0 = Debug|x64
		{96353819-BBB7-4343-94B3-315343D108E5}.Debug|x86.ActiveCfg = Debug|Win32
		{96353819-BBB7-4343-94B3-315343D108E5}.Debug|x86.Build.0 = Debug|Win32
		{96353819-BBB7-4343-94B3-315343D108E5}.Release|x64.ActiveCfg = Release|x64
		{96353819-BBB7-4343-94B3-315343D108E5}.Release|x64.Build.0 = Release|x64
		{96353819-BBB7-4343-94B3-315343D108E5}.Release|x86.ActiveCfg = Release|Win32
		{96353819-BBB7-4343-94B3-315343D108E5}.Release|x86.Build.0 = Release|Win32
	EndGlobalSection
	GlobalSection(SolutionProperties) = preSolution
		HideSolutionNode = FALSE
	EndGlobalSection
	GlobalSection(ExtensibilityGlobals) = postSolution
		SolutionGuid = {5C570D03-1C3C-42C9-8FCA-F3B4C6FE07E0}
	EndGlobalSection
EndGlobal
